// !$*UTF8*$!
{
	archiveVersion = 1;
	classes = {
	};
	objectVersion = 55;
	objects = {

/* Begin PBXBuildFile section */
		41D833FF378229E49BD03429 /* Pods_KickerClassicIntegration.framework in Frameworks */ = {isa = PBXBuildFile; fileRef = 0B93961DBF16B019F24B7B5A /* Pods_KickerClassicIntegration.framework */; };
		DCC5E5A42984064100E99F46 /* AppDelegate.m in Sources */ = {isa = PBXBuildFile; fileRef = DCC5E5A32984064100E99F46 /* AppDelegate.m */; };
		DCC5E5A72984064100E99F46 /* SceneDelegate.m in Sources */ = {isa = PBXBuildFile; fileRef = DCC5E5A62984064100E99F46 /* SceneDelegate.m */; };
		DCC5E5AA2984064100E99F46 /* ViewController.m in Sources */ = {isa = PBXBuildFile; fileRef = DCC5E5A92984064100E99F46 /* ViewController.m */; };
		DCC5E5AD2984064100E99F46 /* Main.storyboard in Resources */ = {isa = PBXBuildFile; fileRef = DCC5E5AB2984064100E99F46 /* Main.storyboard */; };
		DCC5E5AF2984064300E99F46 /* Assets.xcassets in Resources */ = {isa = PBXBuildFile; fileRef = DCC5E5AE2984064300E99F46 /* Assets.xcassets */; };
		DCC5E5B22984064300E99F46 /* LaunchScreen.storyboard in Resources */ = {isa = PBXBuildFile; fileRef = DCC5E5B02984064300E99F46 /* LaunchScreen.storyboard */; };
		DCC5E5B52984064300E99F46 /* main.m in Sources */ = {isa = PBXBuildFile; fileRef = DCC5E5B42984064300E99F46 /* main.m */; };
		DCC5E5BD298408CE00E99F46 /* FeedViewController.m in Sources */ = {isa = PBXBuildFile; fileRef = DCC5E5BC298408CE00E99F46 /* FeedViewController.m */; };
		DCC5E5C0298408D600E99F46 /* WidgetViewController.m in Sources */ = {isa = PBXBuildFile; fileRef = DCC5E5BF298408D600E99F46 /* WidgetViewController.m */; };
		DCC5E5C629840CD800E99F46 /* UIView+Helper.m in Sources */ = {isa = PBXBuildFile; fileRef = DCC5E5C529840CD800E99F46 /* UIView+Helper.m */; };
		DCC5E5C929840D5500E99F46 /* UIColor+Helper.m in Sources */ = {isa = PBXBuildFile; fileRef = DCC5E5C829840D5500E99F46 /* UIColor+Helper.m */; };
/* End PBXBuildFile section */

/* Begin PBXFileReference section */
		0B93961DBF16B019F24B7B5A /* Pods_KickerClassicIntegration.framework */ = {isa = PBXFileReference; explicitFileType = wrapper.framework; includeInIndex = 0; path = Pods_KickerClassicIntegration.framework; sourceTree = BUILT_PRODUCTS_DIR; };
		8723D5DFC4A4EB6CBCD73AEE /* Pods-KickerClassicIntegration.debug.xcconfig */ = {isa = PBXFileReference; includeInIndex = 1; lastKnownFileType = text.xcconfig; name = "Pods-KickerClassicIntegration.debug.xcconfig"; path = "Target Support Files/Pods-KickerClassicIntegration/Pods-KickerClassicIntegration.debug.xcconfig"; sourceTree = "<group>"; };
		9FDD27DABB1A5E748567D54C /* Pods-KickerClassicIntegration.release.xcconfig */ = {isa = PBXFileReference; includeInIndex = 1; lastKnownFileType = text.xcconfig; name = "Pods-KickerClassicIntegration.release.xcconfig"; path = "Target Support Files/Pods-KickerClassicIntegration/Pods-KickerClassicIntegration.release.xcconfig"; sourceTree = "<group>"; };
		DCC5E59F2984064100E99F46 /* KickerClassicIntegration.app */ = {isa = PBXFileReference; explicitFileType = wrapper.application; includeInIndex = 0; path = KickerClassicIntegration.app; sourceTree = BUILT_PRODUCTS_DIR; };
		DCC5E5A22984064100E99F46 /* AppDelegate.h */ = {isa = PBXFileReference; lastKnownFileType = sourcecode.c.h; path = AppDelegate.h; sourceTree = "<group>"; };
		DCC5E5A32984064100E99F46 /* AppDelegate.m */ = {isa = PBXFileReference; lastKnownFileType = sourcecode.c.objc; path = AppDelegate.m; sourceTree = "<group>"; };
		DCC5E5A52984064100E99F46 /* SceneDelegate.h */ = {isa = PBXFileReference; lastKnownFileType = sourcecode.c.h; path = SceneDelegate.h; sourceTree = "<group>"; };
		DCC5E5A62984064100E99F46 /* SceneDelegate.m */ = {isa = PBXFileReference; lastKnownFileType = sourcecode.c.objc; path = SceneDelegate.m; sourceTree = "<group>"; };
		DCC5E5A82984064100E99F46 /* ViewController.h */ = {isa = PBXFileReference; lastKnownFileType = sourcecode.c.h; path = ViewController.h; sourceTree = "<group>"; };
		DCC5E5A92984064100E99F46 /* ViewController.m */ = {isa = PBXFileReference; lastKnownFileType = sourcecode.c.objc; path = ViewController.m; sourceTree = "<group>"; };
		DCC5E5AC2984064100E99F46 /* Base */ = {isa = PBXFileReference; lastKnownFileType = file.storyboard; name = Base; path = Base.lproj/Main.storyboard; sourceTree = "<group>"; };
		DCC5E5AE2984064300E99F46 /* Assets.xcassets */ = {isa = PBXFileReference; lastKnownFileType = folder.assetcatalog; path = Assets.xcassets; sourceTree = "<group>"; };
		DCC5E5B12984064300E99F46 /* Base */ = {isa = PBXFileReference; lastKnownFileType = file.storyboard; name = Base; path = Base.lproj/LaunchScreen.storyboard; sourceTree = "<group>"; };
		DCC5E5B32984064300E99F46 /* Info.plist */ = {isa = PBXFileReference; lastKnownFileType = text.plist.xml; path = Info.plist; sourceTree = "<group>"; };
		DCC5E5B42984064300E99F46 /* main.m */ = {isa = PBXFileReference; lastKnownFileType = sourcecode.c.objc; path = main.m; sourceTree = "<group>"; };
		DCC5E5BB298408CE00E99F46 /* FeedViewController.h */ = {isa = PBXFileReference; lastKnownFileType = sourcecode.c.h; path = FeedViewController.h; sourceTree = "<group>"; };
		DCC5E5BC298408CE00E99F46 /* FeedViewController.m */ = {isa = PBXFileReference; lastKnownFileType = sourcecode.c.objc; path = FeedViewController.m; sourceTree = "<group>"; };
		DCC5E5BE298408D600E99F46 /* WidgetViewController.h */ = {isa = PBXFileReference; lastKnownFileType = sourcecode.c.h; path = WidgetViewController.h; sourceTree = "<group>"; };
		DCC5E5BF298408D600E99F46 /* WidgetViewController.m */ = {isa = PBXFileReference; lastKnownFileType = sourcecode.c.objc; path = WidgetViewController.m; sourceTree = "<group>"; };
		DCC5E5C329840AA700E99F46 /* Constants.h */ = {isa = PBXFileReference; lastKnownFileType = sourcecode.c.h; path = Constants.h; sourceTree = "<group>"; };
		DCC5E5C429840CD800E99F46 /* UIView+Helper.h */ = {isa = PBXFileReference; lastKnownFileType = sourcecode.c.h; path = "UIView+Helper.h"; sourceTree = "<group>"; };
		DCC5E5C529840CD800E99F46 /* UIView+Helper.m */ = {isa = PBXFileReference; lastKnownFileType = sourcecode.c.objc; path = "UIView+Helper.m"; sourceTree = "<group>"; };
		DCC5E5C729840D5500E99F46 /* UIColor+Helper.h */ = {isa = PBXFileReference; lastKnownFileType = sourcecode.c.h; path = "UIColor+Helper.h"; sourceTree = "<group>"; };
		DCC5E5C829840D5500E99F46 /* UIColor+Helper.m */ = {isa = PBXFileReference; lastKnownFileType = sourcecode.c.objc; path = "UIColor+Helper.m"; sourceTree = "<group>"; };
/* End PBXFileReference section */

/* Begin PBXFrameworksBuildPhase section */
		DCC5E59C2984064100E99F46 /* Frameworks */ = {
			isa = PBXFrameworksBuildPhase;
			buildActionMask = 2147483647;
			files = (
				41D833FF378229E49BD03429 /* Pods_KickerClassicIntegration.framework in Frameworks */,
			);
			runOnlyForDeploymentPostprocessing = 0;
		};
/* End PBXFrameworksBuildPhase section */

/* Begin PBXGroup section */
		6C688B705858CDBAD9FE2258 /* Frameworks */ = {
			isa = PBXGroup;
			children = (
				0B93961DBF16B019F24B7B5A /* Pods_KickerClassicIntegration.framework */,
			);
			name = Frameworks;
			sourceTree = "<group>";
		};
		6D21A09A8271EDB759419173 /* Pods */ = {
			isa = PBXGroup;
			children = (
				8723D5DFC4A4EB6CBCD73AEE /* Pods-KickerClassicIntegration.debug.xcconfig */,
				9FDD27DABB1A5E748567D54C /* Pods-KickerClassicIntegration.release.xcconfig */,
			);
			path = Pods;
			sourceTree = "<group>";
		};
		DCC5E5962984064100E99F46 = {
			isa = PBXGroup;
			children = (
				DCC5E5A12984064100E99F46 /* KickerClassicIntegration */,
				DCC5E5A02984064100E99F46 /* Products */,
				6D21A09A8271EDB759419173 /* Pods */,
				6C688B705858CDBAD9FE2258 /* Frameworks */,
			);
			sourceTree = "<group>";
		};
		DCC5E5A02984064100E99F46 /* Products */ = {
			isa = PBXGroup;
			children = (
				DCC5E59F2984064100E99F46 /* KickerClassicIntegration.app */,
			);
			name = Products;
			sourceTree = "<group>";
		};
		DCC5E5A12984064100E99F46 /* KickerClassicIntegration */ = {
			isa = PBXGroup;
			children = (
				DCC5E5A22984064100E99F46 /* AppDelegate.h */,
				DCC5E5A32984064100E99F46 /* AppDelegate.m */,
				DCC5E5A52984064100E99F46 /* SceneDelegate.h */,
				DCC5E5A62984064100E99F46 /* SceneDelegate.m */,
				DCC5E5A82984064100E99F46 /* ViewController.h */,
				DCC5E5A92984064100E99F46 /* ViewController.m */,
				DCC5E5CC29840E3000E99F46 /* Helpers */,
				DCC5E5C2298408E600E99F46 /* Feed */,
				DCC5E5C1298408DC00E99F46 /* Widget */,
				DCC5E5AB2984064100E99F46 /* Main.storyboard */,
				DCC5E5AE2984064300E99F46 /* Assets.xcassets */,
				DCC5E5B02984064300E99F46 /* LaunchScreen.storyboard */,
				DCC5E5B32984064300E99F46 /* Info.plist */,
				DCC5E5B42984064300E99F46 /* main.m */,
			);
			path = KickerClassicIntegration;
			sourceTree = "<group>";
		};
		DCC5E5C1298408DC00E99F46 /* Widget */ = {
			isa = PBXGroup;
			children = (
				DCC5E5BE298408D600E99F46 /* WidgetViewController.h */,
				DCC5E5BF298408D600E99F46 /* WidgetViewController.m */,
			);
			path = Widget;
			sourceTree = "<group>";
		};
		DCC5E5C2298408E600E99F46 /* Feed */ = {
			isa = PBXGroup;
			children = (
				DCC5E5BB298408CE00E99F46 /* FeedViewController.h */,
				DCC5E5BC298408CE00E99F46 /* FeedViewController.m */,
			);
			path = Feed;
			sourceTree = "<group>";
		};
		DCC5E5CA29840E2100E99F46 /* UIView */ = {
			isa = PBXGroup;
			children = (
				DCC5E5C429840CD800E99F46 /* UIView+Helper.h */,
				DCC5E5C529840CD800E99F46 /* UIView+Helper.m */,
			);
			path = UIView;
			sourceTree = "<group>";
		};
		DCC5E5CB29840E2800E99F46 /* UIColor */ = {
			isa = PBXGroup;
			children = (
				DCC5E5C729840D5500E99F46 /* UIColor+Helper.h */,
				DCC5E5C829840D5500E99F46 /* UIColor+Helper.m */,
			);
			path = UIColor;
			sourceTree = "<group>";
		};
		DCC5E5CC29840E3000E99F46 /* Helpers */ = {
			isa = PBXGroup;
			children = (
				DCC5E5C329840AA700E99F46 /* Constants.h */,
				DCC5E5CA29840E2100E99F46 /* UIView */,
				DCC5E5CB29840E2800E99F46 /* UIColor */,
			);
			path = Helpers;
			sourceTree = "<group>";
		};
/* End PBXGroup section */

/* Begin PBXNativeTarget section */
		DCC5E59E2984064100E99F46 /* KickerClassicIntegration */ = {
			isa = PBXNativeTarget;
			buildConfigurationList = DCC5E5B82984064300E99F46 /* Build configuration list for PBXNativeTarget "KickerClassicIntegration" */;
			buildPhases = (
				4A4A22C6798AE52D3E2BFBDB /* [CP] Check Pods Manifest.lock */,
				DCC5E59B2984064100E99F46 /* Sources */,
				DCC5E59C2984064100E99F46 /* Frameworks */,
				DCC5E59D2984064100E99F46 /* Resources */,
				93ECA89BD2503BA0E4044367 /* [CP] Embed Pods Frameworks */,
				F673ED5F61FA1EB3539CAD97 /* [CP] Copy Pods Resources */,
			);
			buildRules = (
			);
			dependencies = (
			);
			name = KickerClassicIntegration;
			productName = KickerClassicIntegration;
			productReference = DCC5E59F2984064100E99F46 /* KickerClassicIntegration.app */;
			productType = "com.apple.product-type.application";
		};
/* End PBXNativeTarget section */

/* Begin PBXProject section */
		DCC5E5972984064100E99F46 /* Project object */ = {
			isa = PBXProject;
			attributes = {
				BuildIndependentTargetsInParallel = 1;
				LastUpgradeCheck = 1420;
				TargetAttributes = {
					DCC5E59E2984064100E99F46 = {
						CreatedOnToolsVersion = 14.2;
					};
				};
			};
			buildConfigurationList = DCC5E59A2984064100E99F46 /* Build configuration list for PBXProject "KickerClassicIntegration" */;
			compatibilityVersion = "Xcode 13.0";
			developmentRegion = en;
			hasScannedForEncodings = 0;
			knownRegions = (
				en,
				Base,
			);
			mainGroup = DCC5E5962984064100E99F46;
			productRefGroup = DCC5E5A02984064100E99F46 /* Products */;
			projectDirPath = "";
			projectRoot = "";
			targets = (
				DCC5E59E2984064100E99F46 /* KickerClassicIntegration */,
			);
		};
/* End PBXProject section */

/* Begin PBXResourcesBuildPhase section */
		DCC5E59D2984064100E99F46 /* Resources */ = {
			isa = PBXResourcesBuildPhase;
			buildActionMask = 2147483647;
			files = (
				DCC5E5B22984064300E99F46 /* LaunchScreen.storyboard in Resources */,
				DCC5E5AF2984064300E99F46 /* Assets.xcassets in Resources */,
				DCC5E5AD2984064100E99F46 /* Main.storyboard in Resources */,
			);
			runOnlyForDeploymentPostprocessing = 0;
		};
/* End PBXResourcesBuildPhase section */

/* Begin PBXShellScriptBuildPhase section */
		4A4A22C6798AE52D3E2BFBDB /* [CP] Check Pods Manifest.lock */ = {
			isa = PBXShellScriptBuildPhase;
			buildActionMask = 2147483647;
			files = (
			);
			inputFileListPaths = (
			);
			inputPaths = (
				"${PODS_PODFILE_DIR_PATH}/Podfile.lock",
				"${PODS_ROOT}/Manifest.lock",
			);
			name = "[CP] Check Pods Manifest.lock";
			outputFileListPaths = (
			);
			outputPaths = (
				"$(DERIVED_FILE_DIR)/Pods-KickerClassicIntegration-checkManifestLockResult.txt",
			);
			runOnlyForDeploymentPostprocessing = 0;
			shellPath = /bin/sh;
			shellScript = "diff \"${PODS_PODFILE_DIR_PATH}/Podfile.lock\" \"${PODS_ROOT}/Manifest.lock\" > /dev/null\nif [ $? != 0 ] ; then\n    # print error to STDERR\n    echo \"error: The sandbox is not in sync with the Podfile.lock. Run 'pod install' or update your CocoaPods installation.\" >&2\n    exit 1\nfi\n# This output is used by Xcode 'outputs' to avoid re-running this script phase.\necho \"SUCCESS\" > \"${SCRIPT_OUTPUT_FILE_0}\"\n";
			showEnvVarsInLog = 0;
		};
		93ECA89BD2503BA0E4044367 /* [CP] Embed Pods Frameworks */ = {
			isa = PBXShellScriptBuildPhase;
			buildActionMask = 2147483647;
			files = (
			);
			inputFileListPaths = (
				"${PODS_ROOT}/Target Support Files/Pods-KickerClassicIntegration/Pods-KickerClassicIntegration-frameworks-${CONFIGURATION}-input-files.xcfilelist",
			);
			name = "[CP] Embed Pods Frameworks";
			outputFileListPaths = (
				"${PODS_ROOT}/Target Support Files/Pods-KickerClassicIntegration/Pods-KickerClassicIntegration-frameworks-${CONFIGURATION}-output-files.xcfilelist",
			);
			runOnlyForDeploymentPostprocessing = 0;
			shellPath = /bin/sh;
			shellScript = "\"${PODS_ROOT}/Target Support Files/Pods-KickerClassicIntegration/Pods-KickerClassicIntegration-frameworks.sh\"\n";
			showEnvVarsInLog = 0;
		};
		F673ED5F61FA1EB3539CAD97 /* [CP] Copy Pods Resources */ = {
			isa = PBXShellScriptBuildPhase;
			buildActionMask = 2147483647;
			files = (
			);
			inputFileListPaths = (
				"${PODS_ROOT}/Target Support Files/Pods-KickerClassicIntegration/Pods-KickerClassicIntegration-resources-${CONFIGURATION}-input-files.xcfilelist",
			);
			name = "[CP] Copy Pods Resources";
			outputFileListPaths = (
				"${PODS_ROOT}/Target Support Files/Pods-KickerClassicIntegration/Pods-KickerClassicIntegration-resources-${CONFIGURATION}-output-files.xcfilelist",
			);
			runOnlyForDeploymentPostprocessing = 0;
			shellPath = /bin/sh;
			shellScript = "\"${PODS_ROOT}/Target Support Files/Pods-KickerClassicIntegration/Pods-KickerClassicIntegration-resources.sh\"\n";
			showEnvVarsInLog = 0;
		};
/* End PBXShellScriptBuildPhase section */

/* Begin PBXSourcesBuildPhase section */
		DCC5E59B2984064100E99F46 /* Sources */ = {
			isa = PBXSourcesBuildPhase;
			buildActionMask = 2147483647;
			files = (
				DCC5E5AA2984064100E99F46 /* ViewController.m in Sources */,
				DCC5E5BD298408CE00E99F46 /* FeedViewController.m in Sources */,
				DCC5E5C0298408D600E99F46 /* WidgetViewController.m in Sources */,
				DCC5E5C929840D5500E99F46 /* UIColor+Helper.m in Sources */,
				DCC5E5A42984064100E99F46 /* AppDelegate.m in Sources */,
				DCC5E5B52984064300E99F46 /* main.m in Sources */,
				DCC5E5A72984064100E99F46 /* SceneDelegate.m in Sources */,
				DCC5E5C629840CD800E99F46 /* UIView+Helper.m in Sources */,
			);
			runOnlyForDeploymentPostprocessing = 0;
		};
/* End PBXSourcesBuildPhase section */

/* Begin PBXVariantGroup section */
		DCC5E5AB2984064100E99F46 /* Main.storyboard */ = {
			isa = PBXVariantGroup;
			children = (
				DCC5E5AC2984064100E99F46 /* Base */,
			);
			name = Main.storyboard;
			sourceTree = "<group>";
		};
		DCC5E5B02984064300E99F46 /* LaunchScreen.storyboard */ = {
			isa = PBXVariantGroup;
			children = (
				DCC5E5B12984064300E99F46 /* Base */,
			);
			name = LaunchScreen.storyboard;
			sourceTree = "<group>";
		};
/* End PBXVariantGroup section */

/* Begin XCBuildConfiguration section */
		DCC5E5B62984064300E99F46 /* Debug */ = {
			isa = XCBuildConfiguration;
			buildSettings = {
				ALWAYS_SEARCH_USER_PATHS = NO;
				CLANG_ANALYZER_NONNULL = YES;
				CLANG_ANALYZER_NUMBER_OBJECT_CONVERSION = YES_AGGRESSIVE;
				CLANG_CXX_LANGUAGE_STANDARD = "gnu++20";
				CLANG_ENABLE_MODULES = YES;
				CLANG_ENABLE_OBJC_ARC = YES;
				CLANG_ENABLE_OBJC_WEAK = YES;
				CLANG_WARN_BLOCK_CAPTURE_AUTORELEASING = YES;
				CLANG_WARN_BOOL_CONVERSION = YES;
				CLANG_WARN_COMMA = YES;
				CLANG_WARN_CONSTANT_CONVERSION = YES;
				CLANG_WARN_DEPRECATED_OBJC_IMPLEMENTATIONS = YES;
				CLANG_WARN_DIRECT_OBJC_ISA_USAGE = YES_ERROR;
				CLANG_WARN_DOCUMENTATION_COMMENTS = YES;
				CLANG_WARN_EMPTY_BODY = YES;
				CLANG_WARN_ENUM_CONVERSION = YES;
				CLANG_WARN_INFINITE_RECURSION = YES;
				CLANG_WARN_INT_CONVERSION = YES;
				CLANG_WARN_NON_LITERAL_NULL_CONVERSION = YES;
				CLANG_WARN_OBJC_IMPLICIT_RETAIN_SELF = YES;
				CLANG_WARN_OBJC_LITERAL_CONVERSION = YES;
				CLANG_WARN_OBJC_ROOT_CLASS = YES_ERROR;
				CLANG_WARN_QUOTED_INCLUDE_IN_FRAMEWORK_HEADER = YES;
				CLANG_WARN_RANGE_LOOP_ANALYSIS = YES;
				CLANG_WARN_STRICT_PROTOTYPES = YES;
				CLANG_WARN_SUSPICIOUS_MOVE = YES;
				CLANG_WARN_UNGUARDED_AVAILABILITY = YES_AGGRESSIVE;
				CLANG_WARN_UNREACHABLE_CODE = YES;
				CLANG_WARN__DUPLICATE_METHOD_MATCH = YES;
				COPY_PHASE_STRIP = NO;
				DEBUG_INFORMATION_FORMAT = dwarf;
				ENABLE_STRICT_OBJC_MSGSEND = YES;
				ENABLE_TESTABILITY = YES;
				GCC_C_LANGUAGE_STANDARD = gnu11;
				GCC_DYNAMIC_NO_PIC = NO;
				GCC_NO_COMMON_BLOCKS = YES;
				GCC_OPTIMIZATION_LEVEL = 0;
				GCC_PREPROCESSOR_DEFINITIONS = (
					"DEBUG=1",
					"$(inherited)",
				);
				GCC_WARN_64_TO_32_BIT_CONVERSION = YES;
				GCC_WARN_ABOUT_RETURN_TYPE = YES_ERROR;
				GCC_WARN_UNDECLARED_SELECTOR = YES;
				GCC_WARN_UNINITIALIZED_AUTOS = YES_AGGRESSIVE;
				GCC_WARN_UNUSED_FUNCTION = YES;
				GCC_WARN_UNUSED_VARIABLE = YES;
				IPHONEOS_DEPLOYMENT_TARGET = 16.2;
				MTL_ENABLE_DEBUG_INFO = INCLUDE_SOURCE;
				MTL_FAST_MATH = YES;
				ONLY_ACTIVE_ARCH = YES;
				SDKROOT = iphoneos;
			};
			name = Debug;
		};
		DCC5E5B72984064300E99F46 /* Release */ = {
			isa = XCBuildConfiguration;
			buildSettings = {
				ALWAYS_SEARCH_USER_PATHS = NO;
				CLANG_ANALYZER_NONNULL = YES;
				CLANG_ANALYZER_NUMBER_OBJECT_CONVERSION = YES_AGGRESSIVE;
				CLANG_CXX_LANGUAGE_STANDARD = "gnu++20";
				CLANG_ENABLE_MODULES = YES;
				CLANG_ENABLE_OBJC_ARC = YES;
				CLANG_ENABLE_OBJC_WEAK = YES;
				CLANG_WARN_BLOCK_CAPTURE_AUTORELEASING = YES;
				CLANG_WARN_BOOL_CONVERSION = YES;
				CLANG_WARN_COMMA = YES;
				CLANG_WARN_CONSTANT_CONVERSION = YES;
				CLANG_WARN_DEPRECATED_OBJC_IMPLEMENTATIONS = YES;
				CLANG_WARN_DIRECT_OBJC_ISA_USAGE = YES_ERROR;
				CLANG_WARN_DOCUMENTATION_COMMENTS = YES;
				CLANG_WARN_EMPTY_BODY = YES;
				CLANG_WARN_ENUM_CONVERSION = YES;
				CLANG_WARN_INFINITE_RECURSION = YES;
				CLANG_WARN_INT_CONVERSION = YES;
				CLANG_WARN_NON_LITERAL_NULL_CONVERSION = YES;
				CLANG_WARN_OBJC_IMPLICIT_RETAIN_SELF = YES;
				CLANG_WARN_OBJC_LITERAL_CONVERSION = YES;
				CLANG_WARN_OBJC_ROOT_CLASS = YES_ERROR;
				CLANG_WARN_QUOTED_INCLUDE_IN_FRAMEWORK_HEADER = YES;
				CLANG_WARN_RANGE_LOOP_ANALYSIS = YES;
				CLANG_WARN_STRICT_PROTOTYPES = YES;
				CLANG_WARN_SUSPICIOUS_MOVE = YES;
				CLANG_WARN_UNGUARDED_AVAILABILITY = YES_AGGRESSIVE;
				CLANG_WARN_UNREACHABLE_CODE = YES;
				CLANG_WARN__DUPLICATE_METHOD_MATCH = YES;
				COPY_PHASE_STRIP = NO;
				DEBUG_INFORMATION_FORMAT = "dwarf-with-dsym";
				ENABLE_NS_ASSERTIONS = NO;
				ENABLE_STRICT_OBJC_MSGSEND = YES;
				GCC_C_LANGUAGE_STANDARD = gnu11;
				GCC_NO_COMMON_BLOCKS = YES;
				GCC_WARN_64_TO_32_BIT_CONVERSION = YES;
				GCC_WARN_ABOUT_RETURN_TYPE = YES_ERROR;
				GCC_WARN_UNDECLARED_SELECTOR = YES;
				GCC_WARN_UNINITIALIZED_AUTOS = YES_AGGRESSIVE;
				GCC_WARN_UNUSED_FUNCTION = YES;
				GCC_WARN_UNUSED_VARIABLE = YES;
				IPHONEOS_DEPLOYMENT_TARGET = 16.2;
				MTL_ENABLE_DEBUG_INFO = NO;
				MTL_FAST_MATH = YES;
				SDKROOT = iphoneos;
				VALIDATE_PRODUCT = YES;
			};
			name = Release;
		};
		DCC5E5B92984064300E99F46 /* Debug */ = {
			isa = XCBuildConfiguration;
			baseConfigurationReference = 8723D5DFC4A4EB6CBCD73AEE /* Pods-KickerClassicIntegration.debug.xcconfig */;
			buildSettings = {
				ASSETCATALOG_COMPILER_APPICON_NAME = AppIcon;
				ASSETCATALOG_COMPILER_GLOBAL_ACCENT_COLOR_NAME = AccentColor;
				CODE_SIGN_STYLE = Automatic;
				CURRENT_PROJECT_VERSION = 1;
				DEVELOPMENT_TEAM = ZZMSXYL4ND;
				GENERATE_INFOPLIST_FILE = YES;
				INFOPLIST_FILE = KickerClassicIntegration/Info.plist;
				INFOPLIST_KEY_UIApplicationSupportsIndirectInputEvents = YES;
				INFOPLIST_KEY_UILaunchStoryboardName = LaunchScreen;
				INFOPLIST_KEY_UIMainStoryboardFile = Main;
				INFOPLIST_KEY_UISupportedInterfaceOrientations_iPad = "UIInterfaceOrientationPortrait UIInterfaceOrientationPortraitUpsideDown UIInterfaceOrientationLandscapeLeft UIInterfaceOrientationLandscapeRight";
				INFOPLIST_KEY_UISupportedInterfaceOrientations_iPhone = "UIInterfaceOrientationPortrait UIInterfaceOrientationLandscapeLeft UIInterfaceOrientationLandscapeRight";
				LD_RUNPATH_SEARCH_PATHS = (
					"$(inherited)",
					"@executable_path/Frameworks",
				);
				MARKETING_VERSION = 1.0;
				PRODUCT_BUNDLE_IDENTIFIER = com.taboola.kicker.example.KickerClassicIntegration;
				PRODUCT_NAME = "$(TARGET_NAME)";
				SWIFT_EMIT_LOC_STRINGS = YES;
				TARGETED_DEVICE_FAMILY = "1,2";
			};
			name = Debug;
		};
		DCC5E5BA2984064300E99F46 /* Release */ = {
			isa = XCBuildConfiguration;
			baseConfigurationReference = 9FDD27DABB1A5E748567D54C /* Pods-KickerClassicIntegration.release.xcconfig */;
			buildSettings = {
				ASSETCATALOG_COMPILER_APPICON_NAME = AppIcon;
				ASSETCATALOG_COMPILER_GLOBAL_ACCENT_COLOR_NAME = AccentColor;
				CODE_SIGN_STYLE = Automatic;
				CURRENT_PROJECT_VERSION = 1;
				DEVELOPMENT_TEAM = ZZMSXYL4ND;
				GENERATE_INFOPLIST_FILE = YES;
				INFOPLIST_FILE = KickerClassicIntegration/Info.plist;
				INFOPLIST_KEY_UIApplicationSupportsIndirectInputEvents = YES;
				INFOPLIST_KEY_UILaunchStoryboardName = LaunchScreen;
				INFOPLIST_KEY_UIMainStoryboardFile = Main;
				INFOPLIST_KEY_UISupportedInterfaceOrientations_iPad = "UIInterfaceOrientationPortrait UIInterfaceOrientationPortraitUpsideDown UIInterfaceOrientationLandscapeLeft UIInterfaceOrientationLandscapeRight";
				INFOPLIST_KEY_UISupportedInterfaceOrientations_iPhone = "UIInterfaceOrientationPortrait UIInterfaceOrientationLandscapeLeft UIInterfaceOrientationLandscapeRight";
				LD_RUNPATH_SEARCH_PATHS = (
					"$(inherited)",
					"@executable_path/Frameworks",
				);
				MARKETING_VERSION = 1.0;
				PRODUCT_BUNDLE_IDENTIFIER = com.taboola.kicker.example.KickerClassicIntegration;
				PRODUCT_NAME = "$(TARGET_NAME)";
				SWIFT_EMIT_LOC_STRINGS = YES;
				TARGETED_DEVICE_FAMILY = "1,2";
			};
			name = Release;
		};
/* End XCBuildConfiguration section */

/* Begin XCConfigurationList section */
		DCC5E59A2984064100E99F46 /* Build configuration list for PBXProject "KickerClassicIntegration" */ = {
			isa = XCConfigurationList;
			buildConfigurations = (
				DCC5E5B62984064300E99F46 /* Debug */,
				DCC5E5B72984064300E99F46 /* Release */,
			);
			defaultConfigurationIsVisible = 0;
			defaultConfigurationName = Release;
		};
		DCC5E5B82984064300E99F46 /* Build configuration list for PBXNativeTarget "KickerClassicIntegration" */ = {
			isa = XCConfigurationList;
			buildConfigurations = (
				DCC5E5B92984064300E99F46 /* Debug */,
				DCC5E5BA2984064300E99F46 /* Release */,
			);
			defaultConfigurationIsVisible = 0;
			defaultConfigurationName = Release;
		};
/* End XCConfigurationList section */
	};
	rootObject = DCC5E5972984064100E99F46 /* Project object */;
}
